
Microsoft Visual Studio Solution File, Format Version 12.00
# Visual Studio 14
VisualStudioVersion = 14.0.25420.1
MinimumVisualStudioVersion = 10.0.40219.1
Project("{2150E333-8FDC-42A3-9474-1A3956D46DE8}") = "01. Client", "01. Client", "{A06BD8C1-C234-4CE4-92F5-7288B5A902B7}"
EndProject
Project("{2150E333-8FDC-42A3-9474-1A3956D46DE8}") = "02. Engine", "02. Engine", "{4BF11FA7-C368-4664-85C6-A93D729973C0}"
	ProjectSection(SolutionItems) = preProject
		Copy.bat = Copy.bat
		exclude.txt = exclude.txt
	EndProjectSection
EndProject
Project("{2150E333-8FDC-42A3-9474-1A3956D46DE8}") = "03. Editor", "03. Editor", "{56041C46-CADF-4740-A927-F4FEB1A4BF56}"
EndProject
Project("{8BC9CEB8-8B4A-11D0-8D11-00A0C91BC942}") = "Client", "Client\Include\Client.vcxproj", "{272813F1-73E5-4A6B-B880-F3FB6FAF2716}"
EndProject
Project("{8BC9CEB8-8B4A-11D0-8D11-00A0C91BC942}") = "Direct3DEngine", "Direct3DEngine\Include\Direct3DEngine.vcxproj", "{C78081A7-BECE-4DB4-95F6-123577A4E042}"
EndProject
Project("{2150E333-8FDC-42A3-9474-1A3956D46DE8}") = "04. ThirdParty", "04. ThirdParty", "{F1433E91-A335-4E60-89D3-81EB3C41CF66}"
EndProject
Project("{8BC9CEB8-8B4A-11D0-8D11-00A0C91BC942}") = "DirectXTex", "ThirdParty\DirectXTex-master\DirectXTex\DirectXTex_Desktop_2015_Win10.vcxproj", "{371B9FA9-4C90-4AC6-A123-ACED756D6C77}"
EndProject
Project("{2150E333-8FDC-42A3-9474-1A3956D46DE8}") = "유니티빌드", "유니티빌드", "{D9B8B700-5098-4A83-A0C0-23B4E6D4FA64}"
	ProjectSection(SolutionItems) = preProject
		BuildDirectory.props = BuildDirectory.props
	EndProjectSection
EndProject
Project("{8BC9CEB8-8B4A-11D0-8D11-00A0C91BC942}") = "Editor", "Editor\Include\Editor.vcxproj", "{65EDD357-2631-40F2-A3CD-0A7DC98CF736}"
EndProject
Project("{2150E333-8FDC-42A3-9474-1A3956D46DE8}") = "05. Tool", "05. Tool", "{2D62C1D6-894D-4E99-BAA8-9A4447A047D4}"
EndProject
Project("{8BC9CEB8-8B4A-11D0-8D11-00A0C91BC942}") = "Tool", "Tool\Include\Tool.vcxproj", "{64EB598B-5ACF-41C2-910B-350BF68B780C}"
EndProject
Project("{8BC9CEB8-8B4A-11D0-8D11-00A0C91BC942}") = "UNITYMAKER", "UNITYMAKER\UNITYMAKER.vcxproj", "{1AD199EF-E2B6-46E1-B634-D44164E51E4A}"
EndProject
Project("{8BC9CEB8-8B4A-11D0-8D11-00A0C91BC942}") = "Direct3DEngineU", "Direct3DEngine\Include\Direct3DEngineU.vcxproj", "{C302EDFA-8AD5-4C01-B16C-0A6046DC2059}"
EndProject
Project("{8BC9CEB8-8B4A-11D0-8D11-00A0C91BC942}") = "UnityPlayer", "UnityPlayer\UnityPlayer.vcxproj", "{43E05F18-9D9C-44CE-B836-A890EE4E8F6D}"
EndProject
Project("{8BC9CEB8-8B4A-11D0-8D11-00A0C91BC942}") = "ClientU", "Client\Include\ClientU.vcxproj", "{46CEB7C0-F68D-46EC-A7C8-D675C68C4D5E}"
EndProject
Global
	GlobalSection(SolutionConfigurationPlatforms) = preSolution
		Debug|x64 = Debug|x64
		Debug|x86 = Debug|x86
		Profile|x64 = Profile|x64
		Profile|x86 = Profile|x86
		Release|x64 = Release|x64
		Release|x86 = Release|x86
	EndGlobalSection
	GlobalSection(ProjectConfigurationPlatforms) = postSolution
		{272813F1-73E5-4A6B-B880-F3FB6FAF2716}.Debug|x64.ActiveCfg = Debug|x64
		{272813F1-73E5-4A6B-B880-F3FB6FAF2716}.Debug|x64.Build.0 = Debug|x64
		{272813F1-73E5-4A6B-B880-F3FB6FAF2716}.Debug|x86.ActiveCfg = Debug|Win32
		{272813F1-73E5-4A6B-B880-F3FB6FAF2716}.Debug|x86.Build.0 = Debug|Win32
		{272813F1-73E5-4A6B-B880-F3FB6FAF2716}.Profile|x64.ActiveCfg = Release|x64
		{272813F1-73E5-4A6B-B880-F3FB6FAF2716}.Profile|x64.Build.0 = Release|x64
		{272813F1-73E5-4A6B-B880-F3FB6FAF2716}.Profile|x86.ActiveCfg = Release|Win32
		{272813F1-73E5-4A6B-B880-F3FB6FAF2716}.Profile|x86.Build.0 = Release|Win32
		{272813F1-73E5-4A6B-B880-F3FB6FAF2716}.Release|x64.ActiveCfg = Release|x64
		{272813F1-73E5-4A6B-B880-F3FB6FAF2716}.Release|x64.Build.0 = Release|x64
		{272813F1-73E5-4A6B-B880-F3FB6FAF2716}.Release|x86.ActiveCfg = Release|Win32
		{272813F1-73E5-4A6B-B880-F3FB6FAF2716}.Release|x86.Build.0 = Release|Win32
		{C78081A7-BECE-4DB4-95F6-123577A4E042}.Debug|x64.ActiveCfg = Debug|x64
		{C78081A7-BECE-4DB4-95F6-123577A4E042}.Debug|x86.ActiveCfg = Debug|Win32
		{C78081A7-BECE-4DB4-95F6-123577A4E042}.Debug|x86.Build.0 = Debug|Win32
		{C78081A7-BECE-4DB4-95F6-123577A4E042}.Profile|x64.ActiveCfg = Release|x64
		{C78081A7-BECE-4DB4-95F6-123577A4E042}.Profile|x64.Build.0 = Release|x64
		{C78081A7-BECE-4DB4-95F6-123577A4E042}.Profile|x86.ActiveCfg = Release|Win32
		{C78081A7-BECE-4DB4-95F6-123577A4E042}.Profile|x86.Build.0 = Release|Win32
		{C78081A7-BECE-4DB4-95F6-123577A4E042}.Release|x64.ActiveCfg = Release|x64
		{C78081A7-BECE-4DB4-95F6-123577A4E042}.Release|x64.Build.0 = Release|x64
		{C78081A7-BECE-4DB4-95F6-123577A4E042}.Release|x86.ActiveCfg = Release|Win32
		{C78081A7-BECE-4DB4-95F6-123577A4E042}.Release|x86.Build.0 = Release|Win32
		{371B9FA9-4C90-4AC6-A123-ACED756D6C77}.Debug|x64.ActiveCfg = Debug|x64
		{371B9FA9-4C90-4AC6-A123-ACED756D6C77}.Debug|x86.ActiveCfg = Debug|Win32
		{371B9FA9-4C90-4AC6-A123-ACED756D6C77}.Debug|x86.Build.0 = Debug|Win32
		{371B9FA9-4C90-4AC6-A123-ACED756D6C77}.Profile|x64.ActiveCfg = Profile|x64
		{371B9FA9-4C90-4AC6-A123-ACED756D6C77}.Profile|x64.Build.0 = Profile|x64
		{371B9FA9-4C90-4AC6-A123-ACED756D6C77}.Profile|x86.ActiveCfg = Profile|Win32
		{371B9FA9-4C90-4AC6-A123-ACED756D6C77}.Profile|x86.Build.0 = Profile|Win32
		{371B9FA9-4C90-4AC6-A123-ACED756D6C77}.Release|x64.ActiveCfg = Release|x64
		{371B9FA9-4C90-4AC6-A123-ACED756D6C77}.Release|x86.ActiveCfg = Release|Win32
		{371B9FA9-4C90-4AC6-A123-ACED756D6C77}.Release|x86.Build.0 = Release|Win32
		{65EDD357-2631-40F2-A3CD-0A7DC98CF736}.Debug|x64.ActiveCfg = Debug|x64
		{65EDD357-2631-40F2-A3CD-0A7DC98CF736}.Debug|x64.Build.0 = Debug|x64
		{65EDD357-2631-40F2-A3CD-0A7DC98CF736}.Debug|x86.ActiveCfg = Debug|Win32
		{65EDD357-2631-40F2-A3CD-0A7DC98CF736}.Debug|x86.Build.0 = Debug|Win32
		{65EDD357-2631-40F2-A3CD-0A7DC98CF736}.Profile|x64.ActiveCfg = Release|x64
		{65EDD357-2631-40F2-A3CD-0A7DC98CF736}.Profile|x64.Build.0 = Release|x64
		{65EDD357-2631-40F2-A3CD-0A7DC98CF736}.Profile|x86.ActiveCfg = Release|Win32
		{65EDD357-2631-40F2-A3CD-0A7DC98CF736}.Profile|x86.Build.0 = Release|Win32
		{65EDD357-2631-40F2-A3CD-0A7DC98CF736}.Release|x64.ActiveCfg = Release|x64
		{65EDD357-2631-40F2-A3CD-0A7DC98CF736}.Release|x64.Build.0 = Release|x64
		{65EDD357-2631-40F2-A3CD-0A7DC98CF736}.Release|x86.ActiveCfg = Release|Win32
		{65EDD357-2631-40F2-A3CD-0A7DC98CF736}.Release|x86.Build.0 = Release|Win32
		{64EB598B-5ACF-41C2-910B-350BF68B780C}.Debug|x64.ActiveCfg = Debug|x64
		{64EB598B-5ACF-41C2-910B-350BF68B780C}.Debug|x64.Build.0 = Debug|x64
		{64EB598B-5ACF-41C2-910B-350BF68B780C}.Debug|x86.ActiveCfg = Debug|Win32
		{64EB598B-5ACF-41C2-910B-350BF68B780C}.Debug|x86.Build.0 = Debug|Win32
		{64EB598B-5ACF-41C2-910B-350BF68B780C}.Profile|x64.ActiveCfg = Release|x64
		{64EB598B-5ACF-41C2-910B-350BF68B780C}.Profile|x64.Build.0 = Release|x64
		{64EB598B-5ACF-41C2-910B-350BF68B780C}.Profile|x86.ActiveCfg = Release|Win32
		{64EB598B-5ACF-41C2-910B-350BF68B780C}.Profile|x86.Build.0 = Release|Win32
		{64EB598B-5ACF-41C2-910B-350BF68B780C}.Release|x64.ActiveCfg = Release|x64
		{64EB598B-5ACF-41C2-910B-350BF68B780C}.Release|x64.Build.0 = Release|x64
		{64EB598B-5ACF-41C2-910B-350BF68B780C}.Release|x86.ActiveCfg = Release|Win32
		{64EB598B-5ACF-41C2-910B-350BF68B780C}.Release|x86.Build.0 = Release|Win32
		{1AD199EF-E2B6-46E1-B634-D44164E51E4A}.Debug|x64.ActiveCfg = Debug|x64
		{1AD199EF-E2B6-46E1-B634-D44164E51E4A}.Debug|x64.Build.0 = Debug|x64
		{1AD199EF-E2B6-46E1-B634-D44164E51E4A}.Debug|x86.ActiveCfg = Debug|Win32
		{1AD199EF-E2B6-46E1-B634-D44164E51E4A}.Debug|x86.Build.0 = Debug|Win32
		{1AD199EF-E2B6-46E1-B634-D44164E51E4A}.Profile|x64.ActiveCfg = Release|x64
		{1AD199EF-E2B6-46E1-B634-D44164E51E4A}.Profile|x64.Build.0 = Release|x64
		{1AD199EF-E2B6-46E1-B634-D44164E51E4A}.Profile|x86.ActiveCfg = Release|Win32
		{1AD199EF-E2B6-46E1-B634-D44164E51E4A}.Profile|x86.Build.0 = Release|Win32
		{1AD199EF-E2B6-46E1-B634-D44164E51E4A}.Release|x64.ActiveCfg = Release|x64
		{1AD199EF-E2B6-46E1-B634-D44164E51E4A}.Release|x64.Build.0 = Release|x64
		{1AD199EF-E2B6-46E1-B634-D44164E51E4A}.Release|x86.ActiveCfg = Release|Win32
		{1AD199EF-E2B6-46E1-B634-D44164E51E4A}.Release|x86.Build.0 = Release|Win32
		{C302EDFA-8AD5-4C01-B16C-0A6046DC2059}.Debug|x64.ActiveCfg = Debug|x64
		{C302EDFA-8AD5-4C01-B16C-0A6046DC2059}.Debug|x64.Build.0 = Debug|x64
		{C302EDFA-8AD5-4C01-B16C-0A6046DC2059}.Debug|x86.ActiveCfg = Debug|Win32
		{C302EDFA-8AD5-4C01-B16C-0A6046DC2059}.Debug|x86.Build.0 = Debug|Win32
		{C302EDFA-8AD5-4C01-B16C-0A6046DC2059}.Profile|x64.ActiveCfg = Release|x64
		{C302EDFA-8AD5-4C01-B16C-0A6046DC2059}.Profile|x64.Build.0 = Release|x64
		{C302EDFA-8AD5-4C01-B16C-0A6046DC2059}.Profile|x86.ActiveCfg = Release|Win32
		{C302EDFA-8AD5-4C01-B16C-0A6046DC2059}.Profile|x86.Build.0 = Release|Win32
		{C302EDFA-8AD5-4C01-B16C-0A6046DC2059}.Release|x64.ActiveCfg = Release|x64
		{C302EDFA-8AD5-4C01-B16C-0A6046DC2059}.Release|x64.Build.0 = Release|x64
		{C302EDFA-8AD5-4C01-B16C-0A6046DC2059}.Release|x86.ActiveCfg = Release|Win32
		{C302EDFA-8AD5-4C01-B16C-0A6046DC2059}.Release|x86.Build.0 = Release|Win32
		{43E05F18-9D9C-44CE-B836-A890EE4E8F6D}.Debug|x64.ActiveCfg = Debug|x64
		{43E05F18-9D9C-44CE-B836-A890EE4E8F6D}.Debug|x64.Build.0 = Debug|x64
		{43E05F18-9D9C-44CE-B836-A890EE4E8F6D}.Debug|x86.ActiveCfg = Debug|Win32
		{43E05F18-9D9C-44CE-B836-A890EE4E8F6D}.Debug|x86.Build.0 = Debug|Win32
		{43E05F18-9D9C-44CE-B836-A890EE4E8F6D}.Profile|x64.ActiveCfg = Release|x64
		{43E05F18-9D9C-44CE-B836-A890EE4E8F6D}.Profile|x64.Build.0 = Release|x64
		{43E05F18-9D9C-44CE-B836-A890EE4E8F6D}.Profile|x86.ActiveCfg = Release|Win32
		{43E05F18-9D9C-44CE-B836-A890EE4E8F6D}.Profile|x86.Build.0 = Release|Win32
		{43E05F18-9D9C-44CE-B836-A890EE4E8F6D}.Release|x64.ActiveCfg = Release|x64
		{43E05F18-9D9C-44CE-B836-A890EE4E8F6D}.Release|x64.Build.0 = Release|x64
		{43E05F18-9D9C-44CE-B836-A890EE4E8F6D}.Release|x86.ActiveCfg = Release|Win32
		{43E05F18-9D9C-44CE-B836-A890EE4E8F6D}.Release|x86.Build.0 = Release|Win32
		{46CEB7C0-F68D-46EC-A7C8-D675C68C4D5E}.Debug|x64.ActiveCfg = Debug|x64
		{46CEB7C0-F68D-46EC-A7C8-D675C68C4D5E}.Debug|x64.Build.0 = Debug|x64
		{46CEB7C0-F68D-46EC-A7C8-D675C68C4D5E}.Debug|x86.ActiveCfg = Debug|Win32
		{46CEB7C0-F68D-46EC-A7C8-D675C68C4D5E}.Debug|x86.Build.0 = Debug|Win32
		{46CEB7C0-F68D-46EC-A7C8-D675C68C4D5E}.Profile|x64.ActiveCfg = Release|x64
		{46CEB7C0-F68D-46EC-A7C8-D675C68C4D5E}.Profile|x64.Build.0 = Release|x64
		{46CEB7C0-F68D-46EC-A7C8-D675C68C4D5E}.Profile|x86.ActiveCfg = Release|Win32
		{46CEB7C0-F68D-46EC-A7C8-D675C68C4D5E}.Profile|x86.Build.0 = Release|Win32
		{46CEB7C0-F68D-46EC-A7C8-D675C68C4D5E}.Release|x64.ActiveCfg = Release|x64
		{46CEB7C0-F68D-46EC-A7C8-D675C68C4D5E}.Release|x64.Build.0 = Release|x64
		{46CEB7C0-F68D-46EC-A7C8-D675C68C4D5E}.Release|x86.ActiveCfg = Release|Win32
		{46CEB7C0-F68D-46EC-A7C8-D675C68C4D5E}.Release|x86.Build.0 = Release|Win32
	EndGlobalSection
	GlobalSection(SolutionProperties) = preSolution
		HideSolutionNode = FALSE
	EndGlobalSection
	GlobalSection(NestedProjects) = preSolution
		{272813F1-73E5-4A6B-B880-F3FB6FAF2716} = {A06BD8C1-C234-4CE4-92F5-7288B5A902B7}
		{C78081A7-BECE-4DB4-95F6-123577A4E042} = {4BF11FA7-C368-4664-85C6-A93D729973C0}
		{371B9FA9-4C90-4AC6-A123-ACED756D6C77} = {F1433E91-A335-4E60-89D3-81EB3C41CF66}
		{65EDD357-2631-40F2-A3CD-0A7DC98CF736} = {56041C46-CADF-4740-A927-F4FEB1A4BF56}
		{64EB598B-5ACF-41C2-910B-350BF68B780C} = {2D62C1D6-894D-4E99-BAA8-9A4447A047D4}
		{1AD199EF-E2B6-46E1-B634-D44164E51E4A} = {D9B8B700-5098-4A83-A0C0-23B4E6D4FA64}
		{C302EDFA-8AD5-4C01-B16C-0A6046DC2059} = {4BF11FA7-C368-4664-85C6-A93D729973C0}
		{43E05F18-9D9C-44CE-B836-A890EE4E8F6D} = {D9B8B700-5098-4A83-A0C0-23B4E6D4FA64}
		{46CEB7C0-F68D-46EC-A7C8-D675C68C4D5E} = {A06BD8C1-C234-4CE4-92F5-7288B5A902B7}
	EndGlobalSection
EndGlobal
